
Microsoft Visual Studio Solution File, Format Version 12.00
# Visual Studio 15
VisualStudioVersion = 15.0.27428.2005
MinimumVisualStudioVersion = 10.0.40219.1
Project("{FAE04EC0-301F-11D3-BF4B-00C04F79EFBC}") = "AsposeWordsHelper", "AsposeWordsHelper\AsposeWordsHelper.csproj", "{084EC676-07C3-43DB-91E5-09FA049330C0}"
EndProject
Project("{FAE04EC0-301F-11D3-BF4B-00C04F79EFBC}") = "AsposeWordsHelper.Sample", "AsposeWordsHelper.Sample\AsposeWordsHelper.Sample.csproj", "{8247DADD-36F4-4B87-BEF4-D25331162EF7}"
EndProject
Global
	GlobalSection(SolutionConfigurationPlatforms) = preSolution
		Debug|Any CPU = Debug|Any CPU
		Release|Any CPU = Release|Any CPU
	EndGlobalSection
	GlobalSection(ProjectConfigurationPlatforms) = postSolution
		{084EC676-07C3-43DB-91E5-09FA049330C0}.Debug|Any CPU.ActiveCfg = Debug|Any CPU
		{084EC676-07C3-43DB-91E5-09FA049330C0}.Debug|Any CPU.Build.0 = Debug|Any CPU
		{084EC676-07C3-43DB-91E5-09FA049330C0}.Release|Any CPU.ActiveCfg = Release|Any CPU
		{084EC676-07C3-43DB-91E5-09FA049330C0}.Release|Any CPU.Build.0 = Release|Any CPU
		{8247DADD-36F4-4B87-BEF4-D25331162EF7}.Debug|Any CPU.ActiveCfg = Debug|Any CPU
		{8247DADD-36F4-4B87-BEF4-D25331162EF7}.Debug|Any CPU.Build.0 = Debug|Any CPU
		{8247DADD-36F4-4B87-BEF4-D25331162EF7}.Release|Any CPU.ActiveCfg = Release|Any CPU
		{8247DADD-36F4-4B87-BEF4-D25331162EF7}.Release|Any CPU.Build.0 = Release|Any CPU
	EndGlobalSection
	GlobalSection(SolutionProperties) = preSolution
		HideSolutionNode = FALSE
	EndGlobalSection
	GlobalSection(ExtensibilityGlobals) = postSolution
		SolutionGuid = {3FD85A43-3C64-4DFC-AFBC-8324DAC56AD9}
	EndGlobalSection
EndGlobal
